// !$*UTF8*$!
{
	archiveVersion = 1;
	classes = {
	};
	objectVersion = 56;
	objects = {

/* Begin PBXBuildFile section */
		560328D029431CA300E6BCB3 /* ProcrastineeApp.swift in Sources */ = {isa = PBXBuildFile; fileRef = 560328CF29431CA300E6BCB3 /* ProcrastineeApp.swift */; };
		560328D229431CA300E6BCB3 /* ContentView.swift in Sources */ = {isa = PBXBuildFile; fileRef = 560328D129431CA300E6BCB3 /* ContentView.swift */; };
		560328D429431CA400E6BCB3 /* Assets.xcassets in Resources */ = {isa = PBXBuildFile; fileRef = 560328D329431CA400E6BCB3 /* Assets.xcassets */; };
		560328D729431CA400E6BCB3 /* Preview Assets.xcassets in Resources */ = {isa = PBXBuildFile; fileRef = 560328D629431CA400E6BCB3 /* Preview Assets.xcassets */; };
		560328DF29431D8F00E6BCB3 /* swiftlint.yml in Resources */ = {isa = PBXBuildFile; fileRef = 560328DD29431D8F00E6BCB3 /* swiftlint.yml */; };
		560328E029431D8F00E6BCB3 /* swiftgen.yml in Resources */ = {isa = PBXBuildFile; fileRef = 560328DE29431D8F00E6BCB3 /* swiftgen.yml */; };
		560328E72943206300E6BCB3 /* fonts_swift5_swiftui.stencil in Resources */ = {isa = PBXBuildFile; fileRef = 560328E52943206300E6BCB3 /* fonts_swift5_swiftui.stencil */; };
		560328E82943206300E6BCB3 /* swiftui-xcassets-template.stencil in Resources */ = {isa = PBXBuildFile; fileRef = 560328E62943206300E6BCB3 /* swiftui-xcassets-template.stencil */; };
		560328EA294320D100E6BCB3 /* Colors.xcassets in Resources */ = {isa = PBXBuildFile; fileRef = 560328E9294320D100E6BCB3 /* Colors.xcassets */; };
		560328F42943254900E6BCB3 /* Fonts+Generated.swift in Sources */ = {isa = PBXBuildFile; fileRef = 560328F12943254900E6BCB3 /* Fonts+Generated.swift */; };
		560328F52943254900E6BCB3 /* XCAssets+Generated.swift in Sources */ = {isa = PBXBuildFile; fileRef = 560328F22943254900E6BCB3 /* XCAssets+Generated.swift */; };
		560328F62943254900E6BCB3 /* Strings+Generated.swift in Sources */ = {isa = PBXBuildFile; fileRef = 560328F32943254900E6BCB3 /* Strings+Generated.swift */; };
		560328F92943266700E6BCB3 /* Localizable.strings in Resources */ = {isa = PBXBuildFile; fileRef = 560328FB2943266700E6BCB3 /* Localizable.strings */; };
		5603290029432B1400E6BCB3 /* GetStartedView.swift in Sources */ = {isa = PBXBuildFile; fileRef = 560328FF29432B1400E6BCB3 /* GetStartedView.swift */; };
		5603290329432FDB00E6BCB3 /* GradientButton.swift in Sources */ = {isa = PBXBuildFile; fileRef = 5603290229432FDB00E6BCB3 /* GradientButton.swift */; };
		5603290729435B7B00E6BCB3 /* OnboardingView.swift in Sources */ = {isa = PBXBuildFile; fileRef = 5603290629435B7B00E6BCB3 /* OnboardingView.swift */; };
		5603290929435BC500E6BCB3 /* OnboardingViewModel.swift in Sources */ = {isa = PBXBuildFile; fileRef = 5603290829435BC500E6BCB3 /* OnboardingViewModel.swift */; };
		5603290D294362F200E6BCB3 /* SuggestedView.swift in Sources */ = {isa = PBXBuildFile; fileRef = 5603290C294362F200E6BCB3 /* SuggestedView.swift */; };
		5603290F2943683D00E6BCB3 /* FirstIntroductionView.swift in Sources */ = {isa = PBXBuildFile; fileRef = 5603290E2943683D00E6BCB3 /* FirstIntroductionView.swift */; };
		560B68D92944D4E800EDD52F /* KeyboardHandler.swift in Sources */ = {isa = PBXBuildFile; fileRef = 560B68D82944D4E800EDD52F /* KeyboardHandler.swift */; };
		560B68DB2944E5C300EDD52F /* ProgressBarView.swift in Sources */ = {isa = PBXBuildFile; fileRef = 560B68DA2944E5C300EDD52F /* ProgressBarView.swift */; };
		560B68DD2944E8EF00EDD52F /* ProgressView.swift in Sources */ = {isa = PBXBuildFile; fileRef = 560B68DC2944E8EF00EDD52F /* ProgressView.swift */; };
		560B68DF2944EA7A00EDD52F /* SuccessCreatingAccountView.swift in Sources */ = {isa = PBXBuildFile; fileRef = 560B68DE2944EA7A00EDD52F /* SuccessCreatingAccountView.swift */; };
		56288975295C41BA004EA89E /* PagerView.swift in Sources */ = {isa = PBXBuildFile; fileRef = 56288974295C41BA004EA89E /* PagerView.swift */; };
		56288977295C626D004EA89E /* GoogleService-Info.plist in Resources */ = {isa = PBXBuildFile; fileRef = 56288976295C626D004EA89E /* GoogleService-Info.plist */; };
		5628897C295DFF0B004EA89E /* DependencyProvider.swift in Sources */ = {isa = PBXBuildFile; fileRef = 5628897B295DFF0B004EA89E /* DependencyProvider.swift */; };
		5628897E295DFF38004EA89E /* Provider.swift in Sources */ = {isa = PBXBuildFile; fileRef = 5628897D295DFF38004EA89E /* Provider.swift */; };
		56288982295E001C004EA89E /* FacebookInteractor.swift in Sources */ = {isa = PBXBuildFile; fileRef = 56288981295E001C004EA89E /* FacebookInteractor.swift */; };
		56288986295E0373004EA89E /* NotificationInteractor.swift in Sources */ = {isa = PBXBuildFile; fileRef = 56288985295E0373004EA89E /* NotificationInteractor.swift */; };
		5628898B295E05E2004EA89E /* FirebaseProvider.swift in Sources */ = {isa = PBXBuildFile; fileRef = 5628898A295E05E2004EA89E /* FirebaseProvider.swift */; };
		5628898D295E07CA004EA89E /* NotificationProvider.swift in Sources */ = {isa = PBXBuildFile; fileRef = 5628898C295E07CA004EA89E /* NotificationProvider.swift */; };
		5628898F295E119A004EA89E /* HYSLogger in Frameworks */ = {isa = PBXBuildFile; productRef = 5628898E295E119A004EA89E /* HYSLogger */; };
		56288991295E31B9004EA89E /* bamboo.mp3 in Resources */ = {isa = PBXBuildFile; fileRef = 56288990295E31B9004EA89E /* bamboo.mp3 */; };
		5642A3942962345E0052AF7F /* Date+Ext.swift in Sources */ = {isa = PBXBuildFile; fileRef = 5642A3932962345E0052AF7F /* Date+Ext.swift */; };
		56430080295B53EA00657034 /* User.swift in Sources */ = {isa = PBXBuildFile; fileRef = 5643007F295B53EA00657034 /* User.swift */; };
		56430087295B765400657034 /* FirebaseFirestore in Frameworks */ = {isa = PBXBuildFile; productRef = 56430086295B765400657034 /* FirebaseFirestore */; };
		56430089295B765400657034 /* FirebaseFirestoreSwift in Frameworks */ = {isa = PBXBuildFile; productRef = 56430088295B765400657034 /* FirebaseFirestoreSwift */; };
		5643008C295B7A9700657034 /* FirebaseStorage in Frameworks */ = {isa = PBXBuildFile; productRef = 5643008B295B7A9700657034 /* FirebaseStorage */; };
		5645FFC62959896900A92205 /* IntroducingView.swift in Sources */ = {isa = PBXBuildFile; fileRef = 5645FFC52959896900A92205 /* IntroducingView.swift */; };
		5645FFC82959ABA200A92205 /* CountryPopupView.swift in Sources */ = {isa = PBXBuildFile; fileRef = 5645FFC72959ABA200A92205 /* CountryPopupView.swift */; };
		564DC5BA2945E5E900912250 /* AnimationCompletion.swift in Sources */ = {isa = PBXBuildFile; fileRef = 564DC5B92945E5E900912250 /* AnimationCompletion.swift */; };
		564DC5BD2945E69700912250 /* View+Ext.swift in Sources */ = {isa = PBXBuildFile; fileRef = 564DC5BC2945E69700912250 /* View+Ext.swift */; };
		564DC5BF29462F6700912250 /* PurchaseView.swift in Sources */ = {isa = PBXBuildFile; fileRef = 564DC5BE29462F6700912250 /* PurchaseView.swift */; };
		564ECCF5295050BB00EFD784 /* Slide Right.mp3 in Resources */ = {isa = PBXBuildFile; fileRef = 564ECCEA295050BA00EFD784 /* Slide Right.mp3 */; };
		564ECCF6295050BB00EFD784 /* Stop Tracker Button.mp3 in Resources */ = {isa = PBXBuildFile; fileRef = 564ECCEB295050BA00EFD784 /* Stop Tracker Button.mp3 */; };
		564ECCF7295050BB00EFD784 /* Ranking Tapbar Button.mp3 in Resources */ = {isa = PBXBuildFile; fileRef = 564ECCEC295050BB00EFD784 /* Ranking Tapbar Button.mp3 */; };
		564ECCF8295050BB00EFD784 /* Finish Button.mp3 in Resources */ = {isa = PBXBuildFile; fileRef = 564ECCED295050BB00EFD784 /* Finish Button.mp3 */; };
		564ECCF9295050BB00EFD784 /* Play Tracker Buton.mp3 in Resources */ = {isa = PBXBuildFile; fileRef = 564ECCEE295050BB00EFD784 /* Play Tracker Buton.mp3 */; };
		564ECCFA295050BB00EFD784 /* Planning Button.mp3 in Resources */ = {isa = PBXBuildFile; fileRef = 564ECCEF295050BB00EFD784 /* Planning Button.mp3 */; };
		564ECCFB295050BB00EFD784 /* Open Prize.mp3 in Resources */ = {isa = PBXBuildFile; fileRef = 564ECCF0295050BB00EFD784 /* Open Prize.mp3 */; };
		564ECCFC295050BB00EFD784 /* Tracker from Planning Button.mp3 in Resources */ = {isa = PBXBuildFile; fileRef = 564ECCF1295050BB00EFD784 /* Tracker from Planning Button.mp3 */; };
		564ECCFD295050BB00EFD784 /* Close Button 2.mp3 in Resources */ = {isa = PBXBuildFile; fileRef = 564ECCF2295050BB00EFD784 /* Close Button 2.mp3 */; };
		564ECCFE295050BB00EFD784 /* Tracker Tapbar Button.mp3 in Resources */ = {isa = PBXBuildFile; fileRef = 564ECCF3295050BB00EFD784 /* Tracker Tapbar Button.mp3 */; };
		564ECCFF295050BB00EFD784 /* Slide Lefs.mp3 in Resources */ = {isa = PBXBuildFile; fileRef = 564ECCF4295050BB00EFD784 /* Slide Lefs.mp3 */; };
		564ECD012950583300EFD784 /* View+Style.swift in Sources */ = {isa = PBXBuildFile; fileRef = 564ECD002950583300EFD784 /* View+Style.swift */; };
		564ECD0329505B1100EFD784 /* TaskCategoryView.swift in Sources */ = {isa = PBXBuildFile; fileRef = 564ECD0229505B1000EFD784 /* TaskCategoryView.swift */; };
		564ECD052950734000EFD784 /* TaskPopoverPresenterView.swift in Sources */ = {isa = PBXBuildFile; fileRef = 564ECD042950734000EFD784 /* TaskPopoverPresenterView.swift */; };
		564ECD072950740500EFD784 /* TaskNameView.swift in Sources */ = {isa = PBXBuildFile; fileRef = 564ECD062950740500EFD784 /* TaskNameView.swift */; };
		565275D0294C9E8A0081D268 /* GradientStyle.swift in Sources */ = {isa = PBXBuildFile; fileRef = 565275CF294C9E8A0081D268 /* GradientStyle.swift */; };
		56774D352944A8D90068BDFF /* PageIndicatorView.swift in Sources */ = {isa = PBXBuildFile; fileRef = 56774D342944A8D90068BDFF /* PageIndicatorView.swift */; };
		56774D372944ABA60068BDFF /* SecondIntroductionView.swift in Sources */ = {isa = PBXBuildFile; fileRef = 56774D362944ABA60068BDFF /* SecondIntroductionView.swift */; };
		56774D392944AEFA0068BDFF /* ThirdIntroductionView.swift in Sources */ = {isa = PBXBuildFile; fileRef = 56774D382944AEFA0068BDFF /* ThirdIntroductionView.swift */; };
		56774D3B2944AF620068BDFF /* RemindersView.swift in Sources */ = {isa = PBXBuildFile; fileRef = 56774D3A2944AF620068BDFF /* RemindersView.swift */; };
		56774D3D2944B75A0068BDFF /* CreateProfileView.swift in Sources */ = {isa = PBXBuildFile; fileRef = 56774D3C2944B75A0068BDFF /* CreateProfileView.swift */; };
		567CB22829521DC60065A39B /* TaskCreatePopupView.swift in Sources */ = {isa = PBXBuildFile; fileRef = 567CB22729521DC60065A39B /* TaskCreatePopupView.swift */; };
		567CB22A29521DD60065A39B /* TaskFinishPopupView.swift in Sources */ = {isa = PBXBuildFile; fileRef = 567CB22929521DD60065A39B /* TaskFinishPopupView.swift */; };
		567CB22C29521F200065A39B /* WantToFinishView.swift in Sources */ = {isa = PBXBuildFile; fileRef = 567CB22B29521F200065A39B /* WantToFinishView.swift */; };
		567CB22E29521F360065A39B /* AreYouStillInView.swift in Sources */ = {isa = PBXBuildFile; fileRef = 567CB22D29521F360065A39B /* AreYouStillInView.swift */; };
		569E3DC729533B5B00145A95 /* ContainerTracker.swift in Sources */ = {isa = PBXBuildFile; fileRef = 569E3DC629533B5B00145A95 /* ContainerTracker.swift */; };
		569E3DC929533B7600145A95 /* ContainerPlanningView.swift in Sources */ = {isa = PBXBuildFile; fileRef = 569E3DC829533B7600145A95 /* ContainerPlanningView.swift */; };
		569E3DCB2953441000145A95 /* TaskModel.swift in Sources */ = {isa = PBXBuildFile; fileRef = 569E3DCA2953441000145A95 /* TaskModel.swift */; };
		569E3DCD2954419800145A95 /* TaskTimeView.swift in Sources */ = {isa = PBXBuildFile; fileRef = 569E3DCC2954419800145A95 /* TaskTimeView.swift */; };
		56A33F8629546DC700A7A87E /* TimePickerView.swift in Sources */ = {isa = PBXBuildFile; fileRef = 56A33F8529546DC700A7A87E /* TimePickerView.swift */; };
		56A33F882954A6D100A7A87E /* PurchaseViewModel.swift in Sources */ = {isa = PBXBuildFile; fileRef = 56A33F872954A6D100A7A87E /* PurchaseViewModel.swift */; };
		56A33F8A2954A72F00A7A87E /* PurchaseModel.swift in Sources */ = {isa = PBXBuildFile; fileRef = 56A33F892954A72F00A7A87E /* PurchaseModel.swift */; };
		56A33F8C2954CB0800A7A87E /* СarouselView.swift in Sources */ = {isa = PBXBuildFile; fileRef = 56A33F8B2954CB0800A7A87E /* СarouselView.swift */; };
		56B0F063295872A5001F9D9F /* ScrollableScrollView.swift in Sources */ = {isa = PBXBuildFile; fileRef = 56B0F062295872A5001F9D9F /* ScrollableScrollView.swift */; };
		56E9E766294B07BB00F03C08 /* MainView.swift in Sources */ = {isa = PBXBuildFile; fileRef = 56E9E765294B07BB00F03C08 /* MainView.swift */; };
		56E9E768294B086300F03C08 /* Environment+Value.swift in Sources */ = {isa = PBXBuildFile; fileRef = 56E9E767294B086300F03C08 /* Environment+Value.swift */; };
		56E9E76A294B0C3E00F03C08 /* Constants.swift in Sources */ = {isa = PBXBuildFile; fileRef = 56E9E769294B0C3E00F03C08 /* Constants.swift */; };
		56E9E76C294B51EE00F03C08 /* MainContentView.swift in Sources */ = {isa = PBXBuildFile; fileRef = 56E9E76B294B51EE00F03C08 /* MainContentView.swift */; };
		56E9E772294C55DA00F03C08 /* RoundedCorner.swift in Sources */ = {isa = PBXBuildFile; fileRef = 56E9E771294C55DA00F03C08 /* RoundedCorner.swift */; };
		56E9E774294C5FC100F03C08 /* TrackerModel.swift in Sources */ = {isa = PBXBuildFile; fileRef = 56E9E773294C5FC100F03C08 /* TrackerModel.swift */; };
		56E9E776294C65B700F03C08 /* MainViewModel.swift in Sources */ = {isa = PBXBuildFile; fileRef = 56E9E775294C65B700F03C08 /* MainViewModel.swift */; };
		56E9E778294C66A500F03C08 /* SegmentControlTrackerView.swift in Sources */ = {isa = PBXBuildFile; fileRef = 56E9E777294C66A500F03C08 /* SegmentControlTrackerView.swift */; };
		56E9E77A294C67A400F03C08 /* SoundView.swift in Sources */ = {isa = PBXBuildFile; fileRef = 56E9E779294C67A400F03C08 /* SoundView.swift */; };
		56E9E780294C821800F03C08 /* TrackerSettingsView.swift in Sources */ = {isa = PBXBuildFile; fileRef = 56E9E77F294C821800F03C08 /* TrackerSettingsView.swift */; };
		56F68EC729559CB900116D17 /* RankingView.swift in Sources */ = {isa = PBXBuildFile; fileRef = 56F68EC629559CB900116D17 /* RankingView.swift */; };
		56F68EC929559CFC00116D17 /* TrackerView.swift in Sources */ = {isa = PBXBuildFile; fileRef = 56F68EC829559CFC00116D17 /* TrackerView.swift */; };
		56F68ECB2955CA6F00116D17 /* TopListItem.swift in Sources */ = {isa = PBXBuildFile; fileRef = 56F68ECA2955CA6F00116D17 /* TopListItem.swift */; };
		56F68ECD2955DC7300116D17 /* TopRankingView.swift in Sources */ = {isa = PBXBuildFile; fileRef = 56F68ECC2955DC7300116D17 /* TopRankingView.swift */; };
		56FE12D229509C8400D573FE /* View+Modifier.swift in Sources */ = {isa = PBXBuildFile; fileRef = 56FE12D129509C8400D573FE /* View+Modifier.swift */; };
/* End PBXBuildFile section */

/* Begin PBXFileReference section */
		560328CC29431CA300E6BCB3 /* Procrastinee.app */ = {isa = PBXFileReference; explicitFileType = wrapper.application; includeInIndex = 0; path = Procrastinee.app; sourceTree = BUILT_PRODUCTS_DIR; };
		560328CF29431CA300E6BCB3 /* ProcrastineeApp.swift */ = {isa = PBXFileReference; lastKnownFileType = sourcecode.swift; path = ProcrastineeApp.swift; sourceTree = "<group>"; };
		560328D129431CA300E6BCB3 /* ContentView.swift */ = {isa = PBXFileReference; lastKnownFileType = sourcecode.swift; path = ContentView.swift; sourceTree = "<group>"; };
		560328D329431CA400E6BCB3 /* Assets.xcassets */ = {isa = PBXFileReference; lastKnownFileType = folder.assetcatalog; path = Assets.xcassets; sourceTree = "<group>"; };
		560328D629431CA400E6BCB3 /* Preview Assets.xcassets */ = {isa = PBXFileReference; lastKnownFileType = folder.assetcatalog; path = "Preview Assets.xcassets"; sourceTree = "<group>"; };
		560328DD29431D8F00E6BCB3 /* swiftlint.yml */ = {isa = PBXFileReference; fileEncoding = 4; lastKnownFileType = text.yaml; path = swiftlint.yml; sourceTree = "<group>"; };
		560328DE29431D8F00E6BCB3 /* swiftgen.yml */ = {isa = PBXFileReference; fileEncoding = 4; lastKnownFileType = text.yaml; path = swiftgen.yml; sourceTree = "<group>"; };
		560328E52943206300E6BCB3 /* fonts_swift5_swiftui.stencil */ = {isa = PBXFileReference; fileEncoding = 4; lastKnownFileType = text; path = fonts_swift5_swiftui.stencil; sourceTree = "<group>"; };
		560328E62943206300E6BCB3 /* swiftui-xcassets-template.stencil */ = {isa = PBXFileReference; fileEncoding = 4; lastKnownFileType = text; path = "swiftui-xcassets-template.stencil"; sourceTree = "<group>"; };
		560328E9294320D100E6BCB3 /* Colors.xcassets */ = {isa = PBXFileReference; lastKnownFileType = folder.assetcatalog; path = Colors.xcassets; sourceTree = "<group>"; };
		560328F12943254900E6BCB3 /* Fonts+Generated.swift */ = {isa = PBXFileReference; fileEncoding = 4; lastKnownFileType = sourcecode.swift; path = "Fonts+Generated.swift"; sourceTree = "<group>"; };
		560328F22943254900E6BCB3 /* XCAssets+Generated.swift */ = {isa = PBXFileReference; fileEncoding = 4; lastKnownFileType = sourcecode.swift; path = "XCAssets+Generated.swift"; sourceTree = "<group>"; };
		560328F32943254900E6BCB3 /* Strings+Generated.swift */ = {isa = PBXFileReference; fileEncoding = 4; lastKnownFileType = sourcecode.swift; path = "Strings+Generated.swift"; sourceTree = "<group>"; };
		560328F8294325C300E6BCB3 /* Annie-Regular.ttf */ = {isa = PBXFileReference; lastKnownFileType = file; path = "Annie-Regular.ttf"; sourceTree = "<group>"; };
		560328FA2943266700E6BCB3 /* en */ = {isa = PBXFileReference; lastKnownFileType = text.plist.strings; name = en; path = en.lproj/Localizable.strings; sourceTree = "<group>"; };
		560328FF29432B1400E6BCB3 /* GetStartedView.swift */ = {isa = PBXFileReference; lastKnownFileType = sourcecode.swift; path = GetStartedView.swift; sourceTree = "<group>"; };
		5603290229432FDB00E6BCB3 /* GradientButton.swift */ = {isa = PBXFileReference; lastKnownFileType = sourcecode.swift; path = GradientButton.swift; sourceTree = "<group>"; };
		5603290629435B7B00E6BCB3 /* OnboardingView.swift */ = {isa = PBXFileReference; lastKnownFileType = sourcecode.swift; path = OnboardingView.swift; sourceTree = "<group>"; };
		5603290829435BC500E6BCB3 /* OnboardingViewModel.swift */ = {isa = PBXFileReference; lastKnownFileType = sourcecode.swift; path = OnboardingViewModel.swift; sourceTree = "<group>"; };
		5603290C294362F200E6BCB3 /* SuggestedView.swift */ = {isa = PBXFileReference; lastKnownFileType = sourcecode.swift; path = SuggestedView.swift; sourceTree = "<group>"; };
		5603290E2943683D00E6BCB3 /* FirstIntroductionView.swift */ = {isa = PBXFileReference; lastKnownFileType = sourcecode.swift; path = FirstIntroductionView.swift; sourceTree = "<group>"; };
		560B68D82944D4E800EDD52F /* KeyboardHandler.swift */ = {isa = PBXFileReference; lastKnownFileType = sourcecode.swift; path = KeyboardHandler.swift; sourceTree = "<group>"; };
		560B68DA2944E5C300EDD52F /* ProgressBarView.swift */ = {isa = PBXFileReference; lastKnownFileType = sourcecode.swift; path = ProgressBarView.swift; sourceTree = "<group>"; };
		560B68DC2944E8EF00EDD52F /* ProgressView.swift */ = {isa = PBXFileReference; lastKnownFileType = sourcecode.swift; path = ProgressView.swift; sourceTree = "<group>"; };
		560B68DE2944EA7A00EDD52F /* SuccessCreatingAccountView.swift */ = {isa = PBXFileReference; lastKnownFileType = sourcecode.swift; path = SuccessCreatingAccountView.swift; sourceTree = "<group>"; };
		56288974295C41BA004EA89E /* PagerView.swift */ = {isa = PBXFileReference; lastKnownFileType = sourcecode.swift; path = PagerView.swift; sourceTree = "<group>"; };
		56288976295C626D004EA89E /* GoogleService-Info.plist */ = {isa = PBXFileReference; fileEncoding = 4; lastKnownFileType = text.plist.xml; path = "GoogleService-Info.plist"; sourceTree = "<group>"; };
		56288978295DA51A004EA89E /* Info.plist */ = {isa = PBXFileReference; lastKnownFileType = text.plist; path = Info.plist; sourceTree = "<group>"; };
		5628897B295DFF0B004EA89E /* DependencyProvider.swift */ = {isa = PBXFileReference; lastKnownFileType = sourcecode.swift; path = DependencyProvider.swift; sourceTree = "<group>"; };
		5628897D295DFF38004EA89E /* Provider.swift */ = {isa = PBXFileReference; lastKnownFileType = sourcecode.swift; path = Provider.swift; sourceTree = "<group>"; };
		56288981295E001C004EA89E /* FacebookInteractor.swift */ = {isa = PBXFileReference; lastKnownFileType = sourcecode.swift; path = FacebookInteractor.swift; sourceTree = "<group>"; };
		56288985295E0373004EA89E /* NotificationInteractor.swift */ = {isa = PBXFileReference; lastKnownFileType = sourcecode.swift; path = NotificationInteractor.swift; sourceTree = "<group>"; };
		5628898A295E05E2004EA89E /* FirebaseProvider.swift */ = {isa = PBXFileReference; lastKnownFileType = sourcecode.swift; path = FirebaseProvider.swift; sourceTree = "<group>"; };
		5628898C295E07CA004EA89E /* NotificationProvider.swift */ = {isa = PBXFileReference; lastKnownFileType = sourcecode.swift; path = NotificationProvider.swift; sourceTree = "<group>"; };
		56288990295E31B9004EA89E /* bamboo.mp3 */ = {isa = PBXFileReference; lastKnownFileType = audio.mp3; path = bamboo.mp3; sourceTree = "<group>"; };
		5642A3932962345E0052AF7F /* Date+Ext.swift */ = {isa = PBXFileReference; lastKnownFileType = sourcecode.swift; path = "Date+Ext.swift"; sourceTree = "<group>"; };
		5643007F295B53EA00657034 /* User.swift */ = {isa = PBXFileReference; lastKnownFileType = sourcecode.swift; path = User.swift; sourceTree = "<group>"; };
		5645FFC52959896900A92205 /* IntroducingView.swift */ = {isa = PBXFileReference; lastKnownFileType = sourcecode.swift; path = IntroducingView.swift; sourceTree = "<group>"; };
		5645FFC72959ABA200A92205 /* CountryPopupView.swift */ = {isa = PBXFileReference; lastKnownFileType = sourcecode.swift; path = CountryPopupView.swift; sourceTree = "<group>"; };
		564DC5B92945E5E900912250 /* AnimationCompletion.swift */ = {isa = PBXFileReference; lastKnownFileType = sourcecode.swift; path = AnimationCompletion.swift; sourceTree = "<group>"; };
		564DC5BC2945E69700912250 /* View+Ext.swift */ = {isa = PBXFileReference; lastKnownFileType = sourcecode.swift; path = "View+Ext.swift"; sourceTree = "<group>"; };
		564DC5BE29462F6700912250 /* PurchaseView.swift */ = {isa = PBXFileReference; lastKnownFileType = sourcecode.swift; path = PurchaseView.swift; sourceTree = "<group>"; };
		564ECCEA295050BA00EFD784 /* Slide Right.mp3 */ = {isa = PBXFileReference; lastKnownFileType = audio.mp3; path = "Slide Right.mp3"; sourceTree = "<group>"; };
		564ECCEB295050BA00EFD784 /* Stop Tracker Button.mp3 */ = {isa = PBXFileReference; lastKnownFileType = audio.mp3; path = "Stop Tracker Button.mp3"; sourceTree = "<group>"; };
		564ECCEC295050BB00EFD784 /* Ranking Tapbar Button.mp3 */ = {isa = PBXFileReference; lastKnownFileType = audio.mp3; path = "Ranking Tapbar Button.mp3"; sourceTree = "<group>"; };
		564ECCED295050BB00EFD784 /* Finish Button.mp3 */ = {isa = PBXFileReference; lastKnownFileType = audio.mp3; path = "Finish Button.mp3"; sourceTree = "<group>"; };
		564ECCEE295050BB00EFD784 /* Play Tracker Buton.mp3 */ = {isa = PBXFileReference; lastKnownFileType = audio.mp3; path = "Play Tracker Buton.mp3"; sourceTree = "<group>"; };
		564ECCEF295050BB00EFD784 /* Planning Button.mp3 */ = {isa = PBXFileReference; lastKnownFileType = audio.mp3; path = "Planning Button.mp3"; sourceTree = "<group>"; };
		564ECCF0295050BB00EFD784 /* Open Prize.mp3 */ = {isa = PBXFileReference; lastKnownFileType = audio.mp3; path = "Open Prize.mp3"; sourceTree = "<group>"; };
		564ECCF1295050BB00EFD784 /* Tracker from Planning Button.mp3 */ = {isa = PBXFileReference; lastKnownFileType = audio.mp3; path = "Tracker from Planning Button.mp3"; sourceTree = "<group>"; };
		564ECCF2295050BB00EFD784 /* Close Button 2.mp3 */ = {isa = PBXFileReference; lastKnownFileType = audio.mp3; path = "Close Button 2.mp3"; sourceTree = "<group>"; };
		564ECCF3295050BB00EFD784 /* Tracker Tapbar Button.mp3 */ = {isa = PBXFileReference; lastKnownFileType = audio.mp3; path = "Tracker Tapbar Button.mp3"; sourceTree = "<group>"; };
		564ECCF4295050BB00EFD784 /* Slide Lefs.mp3 */ = {isa = PBXFileReference; lastKnownFileType = audio.mp3; path = "Slide Lefs.mp3"; sourceTree = "<group>"; };
		564ECD002950583300EFD784 /* View+Style.swift */ = {isa = PBXFileReference; lastKnownFileType = sourcecode.swift; path = "View+Style.swift"; sourceTree = "<group>"; };
		564ECD0229505B1000EFD784 /* TaskCategoryView.swift */ = {isa = PBXFileReference; lastKnownFileType = sourcecode.swift; path = TaskCategoryView.swift; sourceTree = "<group>"; };
		564ECD042950734000EFD784 /* TaskPopoverPresenterView.swift */ = {isa = PBXFileReference; lastKnownFileType = sourcecode.swift; path = TaskPopoverPresenterView.swift; sourceTree = "<group>"; };
		564ECD062950740500EFD784 /* TaskNameView.swift */ = {isa = PBXFileReference; lastKnownFileType = sourcecode.swift; path = TaskNameView.swift; sourceTree = "<group>"; };
		565275CF294C9E8A0081D268 /* GradientStyle.swift */ = {isa = PBXFileReference; lastKnownFileType = sourcecode.swift; path = GradientStyle.swift; sourceTree = "<group>"; };
		56774D342944A8D90068BDFF /* PageIndicatorView.swift */ = {isa = PBXFileReference; lastKnownFileType = sourcecode.swift; path = PageIndicatorView.swift; sourceTree = "<group>"; };
		56774D362944ABA60068BDFF /* SecondIntroductionView.swift */ = {isa = PBXFileReference; lastKnownFileType = sourcecode.swift; path = SecondIntroductionView.swift; sourceTree = "<group>"; };
		56774D382944AEFA0068BDFF /* ThirdIntroductionView.swift */ = {isa = PBXFileReference; lastKnownFileType = sourcecode.swift; path = ThirdIntroductionView.swift; sourceTree = "<group>"; };
		56774D3A2944AF620068BDFF /* RemindersView.swift */ = {isa = PBXFileReference; lastKnownFileType = sourcecode.swift; path = RemindersView.swift; sourceTree = "<group>"; };
		56774D3C2944B75A0068BDFF /* CreateProfileView.swift */ = {isa = PBXFileReference; lastKnownFileType = sourcecode.swift; path = CreateProfileView.swift; sourceTree = "<group>"; };
		567CB22729521DC60065A39B /* TaskCreatePopupView.swift */ = {isa = PBXFileReference; lastKnownFileType = sourcecode.swift; path = TaskCreatePopupView.swift; sourceTree = "<group>"; };
		567CB22929521DD60065A39B /* TaskFinishPopupView.swift */ = {isa = PBXFileReference; lastKnownFileType = sourcecode.swift; path = TaskFinishPopupView.swift; sourceTree = "<group>"; };
		567CB22B29521F200065A39B /* WantToFinishView.swift */ = {isa = PBXFileReference; lastKnownFileType = sourcecode.swift; path = WantToFinishView.swift; sourceTree = "<group>"; };
		567CB22D29521F360065A39B /* AreYouStillInView.swift */ = {isa = PBXFileReference; lastKnownFileType = sourcecode.swift; path = AreYouStillInView.swift; sourceTree = "<group>"; };
		569E3DC629533B5B00145A95 /* ContainerTracker.swift */ = {isa = PBXFileReference; lastKnownFileType = sourcecode.swift; path = ContainerTracker.swift; sourceTree = "<group>"; };
		569E3DC829533B7600145A95 /* ContainerPlanningView.swift */ = {isa = PBXFileReference; lastKnownFileType = sourcecode.swift; path = ContainerPlanningView.swift; sourceTree = "<group>"; };
		569E3DCA2953441000145A95 /* TaskModel.swift */ = {isa = PBXFileReference; lastKnownFileType = sourcecode.swift; path = TaskModel.swift; sourceTree = "<group>"; };
		569E3DCC2954419800145A95 /* TaskTimeView.swift */ = {isa = PBXFileReference; lastKnownFileType = sourcecode.swift; path = TaskTimeView.swift; sourceTree = "<group>"; };
		56A33F8529546DC700A7A87E /* TimePickerView.swift */ = {isa = PBXFileReference; lastKnownFileType = sourcecode.swift; path = TimePickerView.swift; sourceTree = "<group>"; };
		56A33F872954A6D100A7A87E /* PurchaseViewModel.swift */ = {isa = PBXFileReference; lastKnownFileType = sourcecode.swift; path = PurchaseViewModel.swift; sourceTree = "<group>"; };
		56A33F892954A72F00A7A87E /* PurchaseModel.swift */ = {isa = PBXFileReference; lastKnownFileType = sourcecode.swift; path = PurchaseModel.swift; sourceTree = "<group>"; };
		56A33F8B2954CB0800A7A87E /* СarouselView.swift */ = {isa = PBXFileReference; lastKnownFileType = sourcecode.swift; path = "СarouselView.swift"; sourceTree = "<group>"; };
		56B0F062295872A5001F9D9F /* ScrollableScrollView.swift */ = {isa = PBXFileReference; lastKnownFileType = sourcecode.swift; path = ScrollableScrollView.swift; sourceTree = "<group>"; };
		56E9E765294B07BB00F03C08 /* MainView.swift */ = {isa = PBXFileReference; lastKnownFileType = sourcecode.swift; path = MainView.swift; sourceTree = "<group>"; };
		56E9E767294B086300F03C08 /* Environment+Value.swift */ = {isa = PBXFileReference; lastKnownFileType = sourcecode.swift; path = "Environment+Value.swift"; sourceTree = "<group>"; };
		56E9E769294B0C3E00F03C08 /* Constants.swift */ = {isa = PBXFileReference; lastKnownFileType = sourcecode.swift; path = Constants.swift; sourceTree = "<group>"; };
		56E9E76B294B51EE00F03C08 /* MainContentView.swift */ = {isa = PBXFileReference; lastKnownFileType = sourcecode.swift; path = MainContentView.swift; sourceTree = "<group>"; };
		56E9E771294C55DA00F03C08 /* RoundedCorner.swift */ = {isa = PBXFileReference; lastKnownFileType = sourcecode.swift; path = RoundedCorner.swift; sourceTree = "<group>"; };
		56E9E773294C5FC100F03C08 /* TrackerModel.swift */ = {isa = PBXFileReference; lastKnownFileType = sourcecode.swift; path = TrackerModel.swift; sourceTree = "<group>"; };
		56E9E775294C65B700F03C08 /* MainViewModel.swift */ = {isa = PBXFileReference; lastKnownFileType = sourcecode.swift; path = MainViewModel.swift; sourceTree = "<group>"; };
		56E9E777294C66A500F03C08 /* SegmentControlTrackerView.swift */ = {isa = PBXFileReference; lastKnownFileType = sourcecode.swift; path = SegmentControlTrackerView.swift; sourceTree = "<group>"; };
		56E9E779294C67A400F03C08 /* SoundView.swift */ = {isa = PBXFileReference; lastKnownFileType = sourcecode.swift; path = SoundView.swift; sourceTree = "<group>"; };
		56E9E77F294C821800F03C08 /* TrackerSettingsView.swift */ = {isa = PBXFileReference; lastKnownFileType = sourcecode.swift; path = TrackerSettingsView.swift; sourceTree = "<group>"; };
		56F68EC629559CB900116D17 /* RankingView.swift */ = {isa = PBXFileReference; lastKnownFileType = sourcecode.swift; path = RankingView.swift; sourceTree = "<group>"; };
		56F68EC829559CFC00116D17 /* TrackerView.swift */ = {isa = PBXFileReference; lastKnownFileType = sourcecode.swift; path = TrackerView.swift; sourceTree = "<group>"; };
		56F68ECA2955CA6F00116D17 /* TopListItem.swift */ = {isa = PBXFileReference; lastKnownFileType = sourcecode.swift; path = TopListItem.swift; sourceTree = "<group>"; };
		56F68ECC2955DC7300116D17 /* TopRankingView.swift */ = {isa = PBXFileReference; lastKnownFileType = sourcecode.swift; path = TopRankingView.swift; sourceTree = "<group>"; };
		56FE12D129509C8400D573FE /* View+Modifier.swift */ = {isa = PBXFileReference; lastKnownFileType = sourcecode.swift; path = "View+Modifier.swift"; sourceTree = "<group>"; };
/* End PBXFileReference section */

/* Begin PBXFrameworksBuildPhase section */
		560328C929431CA300E6BCB3 /* Frameworks */ = {
			isa = PBXFrameworksBuildPhase;
			buildActionMask = 2147483647;
			files = (
				56430087295B765400657034 /* FirebaseFirestore in Frameworks */,
				5628898F295E119A004EA89E /* HYSLogger in Frameworks */,
				56430089295B765400657034 /* FirebaseFirestoreSwift in Frameworks */,
				5643008C295B7A9700657034 /* FirebaseStorage in Frameworks */,
			);
			runOnlyForDeploymentPostprocessing = 0;
		};
/* End PBXFrameworksBuildPhase section */

/* Begin PBXGroup section */
		560328C329431CA300E6BCB3 = {
			isa = PBXGroup;
			children = (
				560328DE29431D8F00E6BCB3 /* swiftgen.yml */,
				560328DD29431D8F00E6BCB3 /* swiftlint.yml */,
				560328CE29431CA300E6BCB3 /* Procrastinee */,
				560328CD29431CA300E6BCB3 /* Products */,
				5643008A295B7A9700657034 /* Frameworks */,
			);
			sourceTree = "<group>";
		};
		560328CD29431CA300E6BCB3 /* Products */ = {
			isa = PBXGroup;
			children = (
				560328CC29431CA300E6BCB3 /* Procrastinee.app */,
			);
			name = Products;
			sourceTree = "<group>";
		};
		560328CE29431CA300E6BCB3 /* Procrastinee */ = {
			isa = PBXGroup;
			children = (
				56288978295DA51A004EA89E /* Info.plist */,
				560328CF29431CA300E6BCB3 /* ProcrastineeApp.swift */,
				560328FE294327B200E6BCB3 /* Model */,
				560328FD294327A000E6BCB3 /* ViewModel */,
				560328FC2943279B00E6BCB3 /* View */,
				564DC5BB2945E68000912250 /* Extensions */,
				560B68D72944D4D000EDD52F /* Units */,
				56A33F8429546DB400A7A87E /* UIKit */,
				56288979295DFEE7004EA89E /* Dependency */,
				560328F02943253400E6BCB3 /* Generated */,
				560328E42943203000E6BCB3 /* Templates */,
				560328E129431DAF00E6BCB3 /* Resources */,
				560328D529431CA400E6BCB3 /* Preview Content */,
			);
			path = Procrastinee;
			sourceTree = "<group>";
		};
		560328D529431CA400E6BCB3 /* Preview Content */ = {
			isa = PBXGroup;
			children = (
				560328D629431CA400E6BCB3 /* Preview Assets.xcassets */,
			);
			path = "Preview Content";
			sourceTree = "<group>";
		};
		560328E129431DAF00E6BCB3 /* Resources */ = {
			isa = PBXGroup;
			children = (
				56288976295C626D004EA89E /* GoogleService-Info.plist */,
				564ECCDC29504ABB00EFD784 /* ButtonSound */,
				560328F72943258D00E6BCB3 /* Annie */,
				560328EB294320DE00E6BCB3 /* Localization */,
				560328D329431CA400E6BCB3 /* Assets.xcassets */,
				560328E9294320D100E6BCB3 /* Colors.xcassets */,
			);
			path = Resources;
			sourceTree = "<group>";
		};
		560328E42943203000E6BCB3 /* Templates */ = {
			isa = PBXGroup;
			children = (
				560328E52943206300E6BCB3 /* fonts_swift5_swiftui.stencil */,
				560328E62943206300E6BCB3 /* swiftui-xcassets-template.stencil */,
			);
			path = Templates;
			sourceTree = "<group>";
		};
		560328EB294320DE00E6BCB3 /* Localization */ = {
			isa = PBXGroup;
			children = (
				560328FB2943266700E6BCB3 /* Localizable.strings */,
			);
			path = Localization;
			sourceTree = "<group>";
		};
		560328F02943253400E6BCB3 /* Generated */ = {
			isa = PBXGroup;
			children = (
				560328F12943254900E6BCB3 /* Fonts+Generated.swift */,
				560328F32943254900E6BCB3 /* Strings+Generated.swift */,
				560328F22943254900E6BCB3 /* XCAssets+Generated.swift */,
			);
			path = Generated;
			sourceTree = "<group>";
		};
		560328F72943258D00E6BCB3 /* Annie */ = {
			isa = PBXGroup;
			children = (
				560328F8294325C300E6BCB3 /* Annie-Regular.ttf */,
			);
			path = Annie;
			sourceTree = "<group>";
		};
		560328FC2943279B00E6BCB3 /* View */ = {
			isa = PBXGroup;
			children = (
				560328D129431CA300E6BCB3 /* ContentView.swift */,
				56E9E770294C55C000F03C08 /* Components */,
				56E9E764294B078000F03C08 /* Main */,
				5603290129432B4D00E6BCB3 /* Onboarding */,
			);
			path = View;
			sourceTree = "<group>";
		};
		560328FD294327A000E6BCB3 /* ViewModel */ = {
			isa = PBXGroup;
			children = (
				5603290829435BC500E6BCB3 /* OnboardingViewModel.swift */,
				56E9E775294C65B700F03C08 /* MainViewModel.swift */,
				56A33F872954A6D100A7A87E /* PurchaseViewModel.swift */,
			);
			path = ViewModel;
			sourceTree = "<group>";
		};
		560328FE294327B200E6BCB3 /* Model */ = {
			isa = PBXGroup;
			children = (
				56E9E773294C5FC100F03C08 /* TrackerModel.swift */,
				569E3DCA2953441000145A95 /* TaskModel.swift */,
				56A33F892954A72F00A7A87E /* PurchaseModel.swift */,
				56F68ECA2955CA6F00116D17 /* TopListItem.swift */,
				5643007F295B53EA00657034 /* User.swift */,
			);
			path = Model;
			sourceTree = "<group>";
		};
		5603290129432B4D00E6BCB3 /* Onboarding */ = {
			isa = PBXGroup;
			children = (
				5645FFC42959894F00A92205 /* IntroducingViews */,
				5603290629435B7B00E6BCB3 /* OnboardingView.swift */,
				560328FF29432B1400E6BCB3 /* GetStartedView.swift */,
				5603290C294362F200E6BCB3 /* SuggestedView.swift */,
				56774D3A2944AF620068BDFF /* RemindersView.swift */,
				56774D3C2944B75A0068BDFF /* CreateProfileView.swift */,
				560B68DC2944E8EF00EDD52F /* ProgressView.swift */,
				560B68DE2944EA7A00EDD52F /* SuccessCreatingAccountView.swift */,
				564DC5BE29462F6700912250 /* PurchaseView.swift */,
				5645FFC72959ABA200A92205 /* CountryPopupView.swift */,
			);
			path = Onboarding;
			sourceTree = "<group>";
		};
		560B68D72944D4D000EDD52F /* Units */ = {
			isa = PBXGroup;
			children = (
				560B68D82944D4E800EDD52F /* KeyboardHandler.swift */,
				564DC5B92945E5E900912250 /* AnimationCompletion.swift */,
				56E9E769294B0C3E00F03C08 /* Constants.swift */,
				565275CF294C9E8A0081D268 /* GradientStyle.swift */,
			);
			path = Units;
			sourceTree = "<group>";
		};
		56288979295DFEE7004EA89E /* Dependency */ = {
			isa = PBXGroup;
			children = (
				56288983295E0316004EA89E /* Service */,
				5628897F295DFFF3004EA89E /* Interactor */,
				56288980295DFFFF004EA89E /* Provider */,
			);
			path = Dependency;
			sourceTree = "<group>";
		};
		5628897F295DFFF3004EA89E /* Interactor */ = {
			isa = PBXGroup;
			children = (
				56288981295E001C004EA89E /* FacebookInteractor.swift */,
				56288985295E0373004EA89E /* NotificationInteractor.swift */,
			);
			path = Interactor;
			sourceTree = "<group>";
		};
		56288980295DFFFF004EA89E /* Provider */ = {
			isa = PBXGroup;
			children = (
				5628897B295DFF0B004EA89E /* DependencyProvider.swift */,
				5628897D295DFF38004EA89E /* Provider.swift */,
				5628898A295E05E2004EA89E /* FirebaseProvider.swift */,
				5628898C295E07CA004EA89E /* NotificationProvider.swift */,
			);
			path = Provider;
			sourceTree = "<group>";
		};
		56288983295E0316004EA89E /* Service */ = {
			isa = PBXGroup;
			children = (
			);
			path = Service;
			sourceTree = "<group>";
		};
		5643008A295B7A9700657034 /* Frameworks */ = {
			isa = PBXGroup;
			children = (
			);
			name = Frameworks;
			sourceTree = "<group>";
		};
		5645FFC42959894F00A92205 /* IntroducingViews */ = {
			isa = PBXGroup;
			children = (
				5603290E2943683D00E6BCB3 /* FirstIntroductionView.swift */,
				56774D362944ABA60068BDFF /* SecondIntroductionView.swift */,
				56774D382944AEFA0068BDFF /* ThirdIntroductionView.swift */,
				5645FFC52959896900A92205 /* IntroducingView.swift */,
			);
			path = IntroducingViews;
			sourceTree = "<group>";
		};
		564DC5BB2945E68000912250 /* Extensions */ = {
			isa = PBXGroup;
			children = (
				564DC5BC2945E69700912250 /* View+Ext.swift */,
				56E9E767294B086300F03C08 /* Environment+Value.swift */,
				564ECD002950583300EFD784 /* View+Style.swift */,
				56FE12D129509C8400D573FE /* View+Modifier.swift */,
				5642A3932962345E0052AF7F /* Date+Ext.swift */,
			);
			path = Extensions;
			sourceTree = "<group>";
		};
		564ECCDC29504ABB00EFD784 /* ButtonSound */ = {
			isa = PBXGroup;
			children = (
				56288990295E31B9004EA89E /* bamboo.mp3 */,
				564ECCF2295050BB00EFD784 /* Close Button 2.mp3 */,
				564ECCED295050BB00EFD784 /* Finish Button.mp3 */,
				564ECCF0295050BB00EFD784 /* Open Prize.mp3 */,
				564ECCEF295050BB00EFD784 /* Planning Button.mp3 */,
				564ECCEE295050BB00EFD784 /* Play Tracker Buton.mp3 */,
				564ECCEC295050BB00EFD784 /* Ranking Tapbar Button.mp3 */,
				564ECCF4295050BB00EFD784 /* Slide Lefs.mp3 */,
				564ECCEA295050BA00EFD784 /* Slide Right.mp3 */,
				564ECCEB295050BA00EFD784 /* Stop Tracker Button.mp3 */,
				564ECCF1295050BB00EFD784 /* Tracker from Planning Button.mp3 */,
				564ECCF3295050BB00EFD784 /* Tracker Tapbar Button.mp3 */,
			);
			path = ButtonSound;
			sourceTree = "<group>";
		};
		569E3DCE295441A700145A95 /* TaskCreator */ = {
			isa = PBXGroup;
			children = (
				564ECD0229505B1000EFD784 /* TaskCategoryView.swift */,
				564ECD062950740500EFD784 /* TaskNameView.swift */,
				569E3DCC2954419800145A95 /* TaskTimeView.swift */,
			);
			path = TaskCreator;
			sourceTree = "<group>";
		};
		569E3DCF295441CE00145A95 /* TaskPapup */ = {
			isa = PBXGroup;
			children = (
				564ECD042950734000EFD784 /* TaskPopoverPresenterView.swift */,
				567CB22729521DC60065A39B /* TaskCreatePopupView.swift */,
				567CB22929521DD60065A39B /* TaskFinishPopupView.swift */,
			);
			path = TaskPapup;
			sourceTree = "<group>";
		};
		569E3DD02954420A00145A95 /* TaskContaier */ = {
			isa = PBXGroup;
			children = (
				569E3DC629533B5B00145A95 /* ContainerTracker.swift */,
				569E3DC829533B7600145A95 /* ContainerPlanningView.swift */,
			);
			path = TaskContaier;
			sourceTree = "<group>";
		};
		569E3DD12954423400145A95 /* TaskFinisher */ = {
			isa = PBXGroup;
			children = (
				567CB22B29521F200065A39B /* WantToFinishView.swift */,
				567CB22D29521F360065A39B /* AreYouStillInView.swift */,
			);
			path = TaskFinisher;
			sourceTree = "<group>";
		};
		56A33F8429546DB400A7A87E /* UIKit */ = {
			isa = PBXGroup;
			children = (
				56A33F8529546DC700A7A87E /* TimePickerView.swift */,
			);
			path = UIKit;
			sourceTree = "<group>";
		};
		56E9E764294B078000F03C08 /* Main */ = {
			isa = PBXGroup;
			children = (
				56E9E765294B07BB00F03C08 /* MainView.swift */,
				56E9E77F294C821800F03C08 /* TrackerSettingsView.swift */,
				56E9E76B294B51EE00F03C08 /* MainContentView.swift */,
				56F68EC529559C9A00116D17 /* Tracker */,
				56F68EC429559C8700116D17 /* Runking */,
				569E3DD02954420A00145A95 /* TaskContaier */,
				569E3DCF295441CE00145A95 /* TaskPapup */,
				569E3DCE295441A700145A95 /* TaskCreator */,
				569E3DD12954423400145A95 /* TaskFinisher */,
			);
			path = Main;
			sourceTree = "<group>";
		};
		56E9E770294C55C000F03C08 /* Components */ = {
			isa = PBXGroup;
			children = (
				56E9E771294C55DA00F03C08 /* RoundedCorner.swift */,
				5603290229432FDB00E6BCB3 /* GradientButton.swift */,
				56774D342944A8D90068BDFF /* PageIndicatorView.swift */,
				560B68DA2944E5C300EDD52F /* ProgressBarView.swift */,
				56E9E777294C66A500F03C08 /* SegmentControlTrackerView.swift */,
				56E9E779294C67A400F03C08 /* SoundView.swift */,
				56A33F8B2954CB0800A7A87E /* СarouselView.swift */,
				56B0F062295872A5001F9D9F /* ScrollableScrollView.swift */,
				56288974295C41BA004EA89E /* PagerView.swift */,
			);
			path = Components;
			sourceTree = "<group>";
		};
		56F68EC429559C8700116D17 /* Runking */ = {
			isa = PBXGroup;
			children = (
				56F68EC629559CB900116D17 /* RankingView.swift */,
				56F68ECC2955DC7300116D17 /* TopRankingView.swift */,
			);
			path = Runking;
			sourceTree = "<group>";
		};
		56F68EC529559C9A00116D17 /* Tracker */ = {
			isa = PBXGroup;
			children = (
				56F68EC829559CFC00116D17 /* TrackerView.swift */,
			);
			path = Tracker;
			sourceTree = "<group>";
		};
/* End PBXGroup section */

/* Begin PBXNativeTarget section */
		560328CB29431CA300E6BCB3 /* Procrastinee */ = {
			isa = PBXNativeTarget;
			buildConfigurationList = 560328DA29431CA400E6BCB3 /* Build configuration list for PBXNativeTarget "Procrastinee" */;
			buildPhases = (
				560328C829431CA300E6BCB3 /* Sources */,
				560328C929431CA300E6BCB3 /* Frameworks */,
				560328CA29431CA300E6BCB3 /* Resources */,
				5603290429434C5E00E6BCB3 /* SwiftLint */,
				5603290529434C6B00E6BCB3 /* SwiftGen */,
			);
			buildRules = (
			);
			dependencies = (
			);
			name = Procrastinee;
			packageProductDependencies = (
				56430086295B765400657034 /* FirebaseFirestore */,
				56430088295B765400657034 /* FirebaseFirestoreSwift */,
				5643008B295B7A9700657034 /* FirebaseStorage */,
				5628898E295E119A004EA89E /* HYSLogger */,
			);
			productName = Procrastinee;
			productReference = 560328CC29431CA300E6BCB3 /* Procrastinee.app */;
			productType = "com.apple.product-type.application";
		};
/* End PBXNativeTarget section */

/* Begin PBXProject section */
		560328C429431CA300E6BCB3 /* Project object */ = {
			isa = PBXProject;
			attributes = {
				BuildIndependentTargetsInParallel = 1;
				LastSwiftUpdateCheck = 1410;
				LastUpgradeCheck = 1410;
				TargetAttributes = {
					560328CB29431CA300E6BCB3 = {
						CreatedOnToolsVersion = 14.1;
					};
				};
			};
			buildConfigurationList = 560328C729431CA300E6BCB3 /* Build configuration list for PBXProject "Procrastinee" */;
			compatibilityVersion = "Xcode 14.0";
			developmentRegion = en;
			hasScannedForEncodings = 0;
			knownRegions = (
				en,
				Base,
			);
			mainGroup = 560328C329431CA300E6BCB3;
			packageReferences = (
				56430085295B765400657034 /* XCRemoteSwiftPackageReference "firebase-ios-sdk" */,
				56288987295E04FB004EA89E /* XCRemoteSwiftPackageReference "HYSLogger" */,
			);
			productRefGroup = 560328CD29431CA300E6BCB3 /* Products */;
			projectDirPath = "";
			projectRoot = "";
			targets = (
				560328CB29431CA300E6BCB3 /* Procrastinee */,
			);
		};
/* End PBXProject section */

/* Begin PBXResourcesBuildPhase section */
		560328CA29431CA300E6BCB3 /* Resources */ = {
			isa = PBXResourcesBuildPhase;
			buildActionMask = 2147483647;
			files = (
				564ECCFF295050BB00EFD784 /* Slide Lefs.mp3 in Resources */,
				564ECCFB295050BB00EFD784 /* Open Prize.mp3 in Resources */,
				564ECCFE295050BB00EFD784 /* Tracker Tapbar Button.mp3 in Resources */,
				560328D729431CA400E6BCB3 /* Preview Assets.xcassets in Resources */,
				564ECCFC295050BB00EFD784 /* Tracker from Planning Button.mp3 in Resources */,
				564ECCFD295050BB00EFD784 /* Close Button 2.mp3 in Resources */,
				564ECCF7295050BB00EFD784 /* Ranking Tapbar Button.mp3 in Resources */,
				56288977295C626D004EA89E /* GoogleService-Info.plist in Resources */,
				560328E72943206300E6BCB3 /* fonts_swift5_swiftui.stencil in Resources */,
				564ECCF9295050BB00EFD784 /* Play Tracker Buton.mp3 in Resources */,
				56288991295E31B9004EA89E /* bamboo.mp3 in Resources */,
				560328E82943206300E6BCB3 /* swiftui-xcassets-template.stencil in Resources */,
				564ECCF8295050BB00EFD784 /* Finish Button.mp3 in Resources */,
				564ECCFA295050BB00EFD784 /* Planning Button.mp3 in Resources */,
				560328DF29431D8F00E6BCB3 /* swiftlint.yml in Resources */,
				560328D429431CA400E6BCB3 /* Assets.xcassets in Resources */,
				560328F92943266700E6BCB3 /* Localizable.strings in Resources */,
				560328E029431D8F00E6BCB3 /* swiftgen.yml in Resources */,
				564ECCF6295050BB00EFD784 /* Stop Tracker Button.mp3 in Resources */,
				560328EA294320D100E6BCB3 /* Colors.xcassets in Resources */,
				564ECCF5295050BB00EFD784 /* Slide Right.mp3 in Resources */,
			);
			runOnlyForDeploymentPostprocessing = 0;
		};
/* End PBXResourcesBuildPhase section */

/* Begin PBXShellScriptBuildPhase section */
		5603290429434C5E00E6BCB3 /* SwiftLint */ = {
			isa = PBXShellScriptBuildPhase;
			buildActionMask = 2147483647;
			files = (
			);
			inputFileListPaths = (
			);
			inputPaths = (
			);
			name = SwiftLint;
			outputFileListPaths = (
			);
			outputPaths = (
			);
			runOnlyForDeploymentPostprocessing = 0;
			shellPath = /bin/sh;
			shellScript = "export PATH=\"$PATH:/opt/homebrew/bin\"\nif which swiftlint > /dev/null; then\n  swiftlint\nelse\n  echo \"warning: SwiftLint not installed, download from https://github.com/realm/SwiftLint\"\nfi\n";
		};
		5603290529434C6B00E6BCB3 /* SwiftGen */ = {
			isa = PBXShellScriptBuildPhase;
			buildActionMask = 2147483647;
			files = (
			);
			inputFileListPaths = (
			);
			inputPaths = (
			);
			name = SwiftGen;
			outputFileListPaths = (
			);
			outputPaths = (
			);
			runOnlyForDeploymentPostprocessing = 0;
			shellPath = /bin/sh;
			shellScript = "export PATH=\"$PATH:/opt/homebrew/bin\"\nif which swiftgen >/dev/null; then\n  swiftgen\nelse\n  echo \"warning: SwiftGen not installed, download it from https://github.com/SwiftGen/SwiftGen\"\nfi\n";
		};
/* End PBXShellScriptBuildPhase section */

/* Begin PBXSourcesBuildPhase section */
		560328C829431CA300E6BCB3 /* Sources */ = {
			isa = PBXSourcesBuildPhase;
			buildActionMask = 2147483647;
			files = (
				56E9E780294C821800F03C08 /* TrackerSettingsView.swift in Sources */,
				564ECD0329505B1100EFD784 /* TaskCategoryView.swift in Sources */,
				567CB22E29521F360065A39B /* AreYouStillInView.swift in Sources */,
				564ECD072950740500EFD784 /* TaskNameView.swift in Sources */,
				564ECD052950734000EFD784 /* TaskPopoverPresenterView.swift in Sources */,
				5603290329432FDB00E6BCB3 /* GradientButton.swift in Sources */,
				564ECD012950583300EFD784 /* View+Style.swift in Sources */,
				56A33F8629546DC700A7A87E /* TimePickerView.swift in Sources */,
				56E9E766294B07BB00F03C08 /* MainView.swift in Sources */,
				560328F62943254900E6BCB3 /* Strings+Generated.swift in Sources */,
				5645FFC82959ABA200A92205 /* CountryPopupView.swift in Sources */,
				56B0F063295872A5001F9D9F /* ScrollableScrollView.swift in Sources */,
				56774D3D2944B75A0068BDFF /* CreateProfileView.swift in Sources */,
				564DC5BF29462F6700912250 /* PurchaseView.swift in Sources */,
				560328F42943254900E6BCB3 /* Fonts+Generated.swift in Sources */,
				565275D0294C9E8A0081D268 /* GradientStyle.swift in Sources */,
				56774D372944ABA60068BDFF /* SecondIntroductionView.swift in Sources */,
				56E9E76A294B0C3E00F03C08 /* Constants.swift in Sources */,
				5645FFC62959896900A92205 /* IntroducingView.swift in Sources */,
				564DC5BA2945E5E900912250 /* AnimationCompletion.swift in Sources */,
				5628898B295E05E2004EA89E /* FirebaseProvider.swift in Sources */,
				560328D229431CA300E6BCB3 /* ContentView.swift in Sources */,
				569E3DC929533B7600145A95 /* ContainerPlanningView.swift in Sources */,
				567CB22C29521F200065A39B /* WantToFinishView.swift in Sources */,
				560B68DF2944EA7A00EDD52F /* SuccessCreatingAccountView.swift in Sources */,
				56288986295E0373004EA89E /* NotificationInteractor.swift in Sources */,
				5603290929435BC500E6BCB3 /* OnboardingViewModel.swift in Sources */,
				567CB22829521DC60065A39B /* TaskCreatePopupView.swift in Sources */,
				5603290029432B1400E6BCB3 /* GetStartedView.swift in Sources */,
				56FE12D229509C8400D573FE /* View+Modifier.swift in Sources */,
				560B68D92944D4E800EDD52F /* KeyboardHandler.swift in Sources */,
				56E9E76C294B51EE00F03C08 /* MainContentView.swift in Sources */,
				56F68ECD2955DC7300116D17 /* TopRankingView.swift in Sources */,
				5603290D294362F200E6BCB3 /* SuggestedView.swift in Sources */,
				56774D392944AEFA0068BDFF /* ThirdIntroductionView.swift in Sources */,
				56A33F882954A6D100A7A87E /* PurchaseViewModel.swift in Sources */,
				56E9E774294C5FC100F03C08 /* TrackerModel.swift in Sources */,
				569E3DCB2953441000145A95 /* TaskModel.swift in Sources */,
				56774D352944A8D90068BDFF /* PageIndicatorView.swift in Sources */,
				56288975295C41BA004EA89E /* PagerView.swift in Sources */,
				5603290F2943683D00E6BCB3 /* FirstIntroductionView.swift in Sources */,
				56A33F8C2954CB0800A7A87E /* СarouselView.swift in Sources */,
				5628897C295DFF0B004EA89E /* DependencyProvider.swift in Sources */,
				56A33F8A2954A72F00A7A87E /* PurchaseModel.swift in Sources */,
				56E9E778294C66A500F03C08 /* SegmentControlTrackerView.swift in Sources */,
				56774D3B2944AF620068BDFF /* RemindersView.swift in Sources */,
				5603290729435B7B00E6BCB3 /* OnboardingView.swift in Sources */,
				560328D029431CA300E6BCB3 /* ProcrastineeApp.swift in Sources */,
				56288982295E001C004EA89E /* FacebookInteractor.swift in Sources */,
				564DC5BD2945E69700912250 /* View+Ext.swift in Sources */,
				56430080295B53EA00657034 /* User.swift in Sources */,
				56F68EC929559CFC00116D17 /* TrackerView.swift in Sources */,
				5628898D295E07CA004EA89E /* NotificationProvider.swift in Sources */,
				56F68EC729559CB900116D17 /* RankingView.swift in Sources */,
				5628897E295DFF38004EA89E /* Provider.swift in Sources */,
				56E9E768294B086300F03C08 /* Environment+Value.swift in Sources */,
				56F68ECB2955CA6F00116D17 /* TopListItem.swift in Sources */,
				560B68DD2944E8EF00EDD52F /* ProgressView.swift in Sources */,
				560328F52943254900E6BCB3 /* XCAssets+Generated.swift in Sources */,
				56E9E77A294C67A400F03C08 /* SoundView.swift in Sources */,
				569E3DC729533B5B00145A95 /* ContainerTracker.swift in Sources */,
				567CB22A29521DD60065A39B /* TaskFinishPopupView.swift in Sources */,
				56E9E772294C55DA00F03C08 /* RoundedCorner.swift in Sources */,
				560B68DB2944E5C300EDD52F /* ProgressBarView.swift in Sources */,
				569E3DCD2954419800145A95 /* TaskTimeView.swift in Sources */,
				5642A3942962345E0052AF7F /* Date+Ext.swift in Sources */,
				56E9E776294C65B700F03C08 /* MainViewModel.swift in Sources */,
			);
			runOnlyForDeploymentPostprocessing = 0;
		};
/* End PBXSourcesBuildPhase section */

/* Begin PBXVariantGroup section */
		560328FB2943266700E6BCB3 /* Localizable.strings */ = {
			isa = PBXVariantGroup;
			children = (
				560328FA2943266700E6BCB3 /* en */,
			);
			name = Localizable.strings;
			sourceTree = "<group>";
		};
/* End PBXVariantGroup section */

/* Begin XCBuildConfiguration section */
		560328D829431CA400E6BCB3 /* Debug */ = {
			isa = XCBuildConfiguration;
			buildSettings = {
				ALWAYS_SEARCH_USER_PATHS = NO;
				CLANG_ANALYZER_NONNULL = YES;
				CLANG_ANALYZER_NUMBER_OBJECT_CONVERSION = YES_AGGRESSIVE;
				CLANG_CXX_LANGUAGE_STANDARD = "gnu++20";
				CLANG_ENABLE_MODULES = YES;
				CLANG_ENABLE_OBJC_ARC = YES;
				CLANG_ENABLE_OBJC_WEAK = YES;
				CLANG_WARN_BLOCK_CAPTURE_AUTORELEASING = YES;
				CLANG_WARN_BOOL_CONVERSION = YES;
				CLANG_WARN_COMMA = YES;
				CLANG_WARN_CONSTANT_CONVERSION = YES;
				CLANG_WARN_DEPRECATED_OBJC_IMPLEMENTATIONS = YES;
				CLANG_WARN_DIRECT_OBJC_ISA_USAGE = YES_ERROR;
				CLANG_WARN_DOCUMENTATION_COMMENTS = YES;
				CLANG_WARN_EMPTY_BODY = YES;
				CLANG_WARN_ENUM_CONVERSION = YES;
				CLANG_WARN_INFINITE_RECURSION = YES;
				CLANG_WARN_INT_CONVERSION = YES;
				CLANG_WARN_NON_LITERAL_NULL_CONVERSION = YES;
				CLANG_WARN_OBJC_IMPLICIT_RETAIN_SELF = YES;
				CLANG_WARN_OBJC_LITERAL_CONVERSION = YES;
				CLANG_WARN_OBJC_ROOT_CLASS = YES_ERROR;
				CLANG_WARN_QUOTED_INCLUDE_IN_FRAMEWORK_HEADER = YES;
				CLANG_WARN_RANGE_LOOP_ANALYSIS = YES;
				CLANG_WARN_STRICT_PROTOTYPES = YES;
				CLANG_WARN_SUSPICIOUS_MOVE = YES;
				CLANG_WARN_UNGUARDED_AVAILABILITY = YES_AGGRESSIVE;
				CLANG_WARN_UNREACHABLE_CODE = YES;
				CLANG_WARN__DUPLICATE_METHOD_MATCH = YES;
				COPY_PHASE_STRIP = NO;
				DEBUG_INFORMATION_FORMAT = dwarf;
				ENABLE_STRICT_OBJC_MSGSEND = YES;
				ENABLE_TESTABILITY = YES;
				GCC_C_LANGUAGE_STANDARD = gnu11;
				GCC_DYNAMIC_NO_PIC = NO;
				GCC_NO_COMMON_BLOCKS = YES;
				GCC_OPTIMIZATION_LEVEL = 0;
				GCC_PREPROCESSOR_DEFINITIONS = (
					"DEBUG=1",
					"$(inherited)",
				);
				GCC_WARN_64_TO_32_BIT_CONVERSION = YES;
				GCC_WARN_ABOUT_RETURN_TYPE = YES_ERROR;
				GCC_WARN_UNDECLARED_SELECTOR = YES;
				GCC_WARN_UNINITIALIZED_AUTOS = YES_AGGRESSIVE;
				GCC_WARN_UNUSED_FUNCTION = YES;
				GCC_WARN_UNUSED_VARIABLE = YES;
				IPHONEOS_DEPLOYMENT_TARGET = 16.1;
				MTL_ENABLE_DEBUG_INFO = INCLUDE_SOURCE;
				MTL_FAST_MATH = YES;
				ONLY_ACTIVE_ARCH = YES;
				SDKROOT = iphoneos;
				SWIFT_ACTIVE_COMPILATION_CONDITIONS = DEBUG;
				SWIFT_OPTIMIZATION_LEVEL = "-Onone";
			};
			name = Debug;
		};
		560328D929431CA400E6BCB3 /* Release */ = {
			isa = XCBuildConfiguration;
			buildSettings = {
				ALWAYS_SEARCH_USER_PATHS = NO;
				CLANG_ANALYZER_NONNULL = YES;
				CLANG_ANALYZER_NUMBER_OBJECT_CONVERSION = YES_AGGRESSIVE;
				CLANG_CXX_LANGUAGE_STANDARD = "gnu++20";
				CLANG_ENABLE_MODULES = YES;
				CLANG_ENABLE_OBJC_ARC = YES;
				CLANG_ENABLE_OBJC_WEAK = YES;
				CLANG_WARN_BLOCK_CAPTURE_AUTORELEASING = YES;
				CLANG_WARN_BOOL_CONVERSION = YES;
				CLANG_WARN_COMMA = YES;
				CLANG_WARN_CONSTANT_CONVERSION = YES;
				CLANG_WARN_DEPRECATED_OBJC_IMPLEMENTATIONS = YES;
				CLANG_WARN_DIRECT_OBJC_ISA_USAGE = YES_ERROR;
				CLANG_WARN_DOCUMENTATION_COMMENTS = YES;
				CLANG_WARN_EMPTY_BODY = YES;
				CLANG_WARN_ENUM_CONVERSION = YES;
				CLANG_WARN_INFINITE_RECURSION = YES;
				CLANG_WARN_INT_CONVERSION = YES;
				CLANG_WARN_NON_LITERAL_NULL_CONVERSION = YES;
				CLANG_WARN_OBJC_IMPLICIT_RETAIN_SELF = YES;
				CLANG_WARN_OBJC_LITERAL_CONVERSION = YES;
				CLANG_WARN_OBJC_ROOT_CLASS = YES_ERROR;
				CLANG_WARN_QUOTED_INCLUDE_IN_FRAMEWORK_HEADER = YES;
				CLANG_WARN_RANGE_LOOP_ANALYSIS = YES;
				CLANG_WARN_STRICT_PROTOTYPES = YES;
				CLANG_WARN_SUSPICIOUS_MOVE = YES;
				CLANG_WARN_UNGUARDED_AVAILABILITY = YES_AGGRESSIVE;
				CLANG_WARN_UNREACHABLE_CODE = YES;
				CLANG_WARN__DUPLICATE_METHOD_MATCH = YES;
				COPY_PHASE_STRIP = NO;
				DEBUG_INFORMATION_FORMAT = "dwarf-with-dsym";
				ENABLE_NS_ASSERTIONS = NO;
				ENABLE_STRICT_OBJC_MSGSEND = YES;
				GCC_C_LANGUAGE_STANDARD = gnu11;
				GCC_NO_COMMON_BLOCKS = YES;
				GCC_WARN_64_TO_32_BIT_CONVERSION = YES;
				GCC_WARN_ABOUT_RETURN_TYPE = YES_ERROR;
				GCC_WARN_UNDECLARED_SELECTOR = YES;
				GCC_WARN_UNINITIALIZED_AUTOS = YES_AGGRESSIVE;
				GCC_WARN_UNUSED_FUNCTION = YES;
				GCC_WARN_UNUSED_VARIABLE = YES;
				IPHONEOS_DEPLOYMENT_TARGET = 16.1;
				MTL_ENABLE_DEBUG_INFO = NO;
				MTL_FAST_MATH = YES;
				SDKROOT = iphoneos;
				SWIFT_COMPILATION_MODE = wholemodule;
				SWIFT_OPTIMIZATION_LEVEL = "-O";
				VALIDATE_PRODUCT = YES;
			};
			name = Release;
		};
		560328DB29431CA400E6BCB3 /* Debug */ = {
			isa = XCBuildConfiguration;
			buildSettings = {
				ASSETCATALOG_COMPILER_APPICON_NAME = AppIcon;
				ASSETCATALOG_COMPILER_GLOBAL_ACCENT_COLOR_NAME = AccentColor;
				"CODE_SIGN_IDENTITY[sdk=iphoneos*]" = "iPhone Developer";
				CODE_SIGN_STYLE = Manual;
				CURRENT_PROJECT_VERSION = 1;
				DEVELOPMENT_ASSET_PATHS = "\"Procrastinee/Preview Content\"";
				DEVELOPMENT_TEAM = "";
				"DEVELOPMENT_TEAM[sdk=iphoneos*]" = PZR2KMT946;
				ENABLE_PREVIEWS = YES;
				GENERATE_INFOPLIST_FILE = YES;
				INFOPLIST_FILE = Procrastinee/Info.plist;
				INFOPLIST_KEY_UIApplicationSupportsIndirectInputEvents = YES;
				INFOPLIST_KEY_UILaunchScreen_Generation = YES;
				INFOPLIST_KEY_UISupportedInterfaceOrientations = UIInterfaceOrientationPortrait;
				INFOPLIST_KEY_UISupportedInterfaceOrientations_iPad = "UIInterfaceOrientationLandscapeLeft UIInterfaceOrientationLandscapeRight UIInterfaceOrientationPortrait UIInterfaceOrientationPortraitUpsideDown";
				IPHONEOS_DEPLOYMENT_TARGET = 15.0;
				LD_RUNPATH_SEARCH_PATHS = (
					"$(inherited)",
					"@executable_path/Frameworks",
				);
				MARKETING_VERSION = 0.0.3;
				PRODUCT_BUNDLE_IDENTIFIER = "procrastinee15-12-2022";
				PRODUCT_NAME = "$(TARGET_NAME)";
				PROVISIONING_PROFILE_SPECIFIER = "";
				"PROVISIONING_PROFILE_SPECIFIER[sdk=iphoneos*]" = "Procrastinee Dev Provision Profile";
				SUPPORTED_PLATFORMS = "iphoneos iphonesimulator";
				SUPPORTS_MACCATALYST = NO;
				SUPPORTS_MAC_DESIGNED_FOR_IPHONE_IPAD = NO;
				SWIFT_EMIT_LOC_STRINGS = YES;
				SWIFT_VERSION = 5.0;
				TARGETED_DEVICE_FAMILY = 1;
			};
			name = Debug;
		};
		560328DC29431CA400E6BCB3 /* Release */ = {
			isa = XCBuildConfiguration;
			buildSettings = {
				ASSETCATALOG_COMPILER_APPICON_NAME = AppIcon;
				ASSETCATALOG_COMPILER_GLOBAL_ACCENT_COLOR_NAME = AccentColor;
				"CODE_SIGN_IDENTITY[sdk=iphoneos*]" = "iPhone Distribution";
				CODE_SIGN_STYLE = Manual;
				CURRENT_PROJECT_VERSION = 1;
				DEVELOPMENT_ASSET_PATHS = "\"Procrastinee/Preview Content\"";
				DEVELOPMENT_TEAM = "";
				"DEVELOPMENT_TEAM[sdk=iphoneos*]" = PZR2KMT946;
				ENABLE_PREVIEWS = YES;
				GENERATE_INFOPLIST_FILE = YES;
				INFOPLIST_FILE = Procrastinee/Info.plist;
				INFOPLIST_KEY_UIApplicationSupportsIndirectInputEvents = YES;
				INFOPLIST_KEY_UILaunchScreen_Generation = YES;
				INFOPLIST_KEY_UISupportedInterfaceOrientations = UIInterfaceOrientationPortrait;
				INFOPLIST_KEY_UISupportedInterfaceOrientations_iPad = "UIInterfaceOrientationLandscapeLeft UIInterfaceOrientationLandscapeRight UIInterfaceOrientationPortrait UIInterfaceOrientationPortraitUpsideDown";
				IPHONEOS_DEPLOYMENT_TARGET = 15.0;
				LD_RUNPATH_SEARCH_PATHS = (
					"$(inherited)",
					"@executable_path/Frameworks",
				);
				MARKETING_VERSION = 0.0.3;
				PRODUCT_BUNDLE_IDENTIFIER = "procrastinee15-12-2022";
				PRODUCT_NAME = "$(TARGET_NAME)";
				PROVISIONING_PROFILE_SPECIFIER = "";
				"PROVISIONING_PROFILE_SPECIFIER[sdk=iphoneos*]" = "Procrastinee App Store Provisioning Profile";
				SUPPORTED_PLATFORMS = "iphoneos iphonesimulator";
				SUPPORTS_MACCATALYST = NO;
				SUPPORTS_MAC_DESIGNED_FOR_IPHONE_IPAD = NO;
				SWIFT_EMIT_LOC_STRINGS = YES;
				SWIFT_VERSION = 5.0;
				TARGETED_DEVICE_FAMILY = 1;
			};
			name = Release;
		};
/* End XCBuildConfiguration section */

/* Begin XCConfigurationList section */
		560328C729431CA300E6BCB3 /* Build configuration list for PBXProject "Procrastinee" */ = {
			isa = XCConfigurationList;
			buildConfigurations = (
				560328D829431CA400E6BCB3 /* Debug */,
				560328D929431CA400E6BCB3 /* Release */,
			);
			defaultConfigurationIsVisible = 0;
			defaultConfigurationName = Release;
		};
		560328DA29431CA400E6BCB3 /* Build configuration list for PBXNativeTarget "Procrastinee" */ = {
			isa = XCConfigurationList;
			buildConfigurations = (
				560328DB29431CA400E6BCB3 /* Debug */,
				560328DC29431CA400E6BCB3 /* Release */,
			);
			defaultConfigurationIsVisible = 0;
			defaultConfigurationName = Release;
		};
/* End XCConfigurationList section */

/* Begin XCRemoteSwiftPackageReference section */
		56288987295E04FB004EA89E /* XCRemoteSwiftPackageReference "HYSLogger" */ = {
			isa = XCRemoteSwiftPackageReference;
			repositoryURL = "https://github.com/Macostik/HYSLogger";
			requirement = {
				branch = main;
				kind = branch;
			};
		};
		56430085295B765400657034 /* XCRemoteSwiftPackageReference "firebase-ios-sdk" */ = {
			isa = XCRemoteSwiftPackageReference;
			repositoryURL = "https://github.com/firebase/firebase-ios-sdk";
			requirement = {
				branch = master;
				kind = branch;
			};
		};
/* End XCRemoteSwiftPackageReference section */

/* Begin XCSwiftPackageProductDependency section */
		5628898E295E119A004EA89E /* HYSLogger */ = {
			isa = XCSwiftPackageProductDependency;
			package = 56288987295E04FB004EA89E /* XCRemoteSwiftPackageReference "HYSLogger" */;
			productName = HYSLogger;
		};
		56430086295B765400657034 /* FirebaseFirestore */ = {
			isa = XCSwiftPackageProductDependency;
			package = 56430085295B765400657034 /* XCRemoteSwiftPackageReference "firebase-ios-sdk" */;
			productName = FirebaseFirestore;
		};
		56430088295B765400657034 /* FirebaseFirestoreSwift */ = {
			isa = XCSwiftPackageProductDependency;
			package = 56430085295B765400657034 /* XCRemoteSwiftPackageReference "firebase-ios-sdk" */;
			productName = FirebaseFirestoreSwift;
		};
		5643008B295B7A9700657034 /* FirebaseStorage */ = {
			isa = XCSwiftPackageProductDependency;
			package = 56430085295B765400657034 /* XCRemoteSwiftPackageReference "firebase-ios-sdk" */;
			productName = FirebaseStorage;
		};
/* End XCSwiftPackageProductDependency section */
	};
	rootObject = 560328C429431CA300E6BCB3 /* Project object */;
}
